
Microsoft Visual Studio Solution File, Format Version 12.00
# Visual Studio 15
VisualStudioVersion = 15.0.26430.13
MinimumVisualStudioVersion = 10.0.40219.1
Project("{FAE04EC0-301F-11D3-BF4B-00C04F79EFBC}") = "IPS.Data", "IPS.Data\IPS.Data.csproj", "{98DA4C1B-0343-4211-8C98-0484427C281D}"
EndProject
Project("{FAE04EC0-301F-11D3-BF4B-00C04F79EFBC}") = "IPS.Business", "IPS.Business\IPS.Business.csproj", "{1B91D431-FD27-4C77-91F9-AC414F8BEDD1}"
EndProject
Project("{FAE04EC0-301F-11D3-BF4B-00C04F79EFBC}") = "IPS.Web", "IPS.Web\IPS.Web.csproj", "{F2562A6D-827E-42C8-96AB-1D4A56CEA3CC}"
	ProjectSection(ProjectDependencies) = postProject
		{E7D0EEBC-4A0C-4AC1-86A6-3A0815A525F0} = {E7D0EEBC-4A0C-4AC1-86A6-3A0815A525F0}
	EndProjectSection
EndProject
Project("{2150E333-8FDC-42A3-9474-1A3956D46DE8}") = "Data", "Data", "{B2F8E768-93B9-4452-BA00-64CCE44853CC}"
EndProject
Project("{FAE04EC0-301F-11D3-BF4B-00C04F79EFBC}") = "IPS.AuthData", "IPS.AuthData\IPS.AuthData.csproj", "{D190F9D6-0302-40FD-A256-F8FEB22F46C5}"
EndProject
Project("{FAE04EC0-301F-11D3-BF4B-00C04F79EFBC}") = "IPS.WebApi", "IPS.WebApi\IPS.WebApi.csproj", "{E7D0EEBC-4A0C-4AC1-86A6-3A0815A525F0}"
EndProject
Project("{2150E333-8FDC-42A3-9474-1A3956D46DE8}") = ".nuget", ".nuget", "{32A4B0E6-C82B-4C52-A43B-29FC2E09B8DD}"
	ProjectSection(SolutionItems) = preProject
		.nuget\packages.config = .nuget\packages.config
	EndProjectSection
EndProject
Project("{FAE04EC0-301F-11D3-BF4B-00C04F79EFBC}") = "IPS.Business.Test", "IPS.Business.Test\IPS.Business.Test.csproj", "{AE2952F9-B772-47B5-A3D6-180146D0ECFE}"
EndProject
Project("{FAE04EC0-301F-11D3-BF4B-00C04F79EFBC}") = "IPSScheduler", "IPS.Scheduler\IPSScheduler.csproj", "{96C8CB4B-E7F3-46D2-BB8E-9E334C8C7DA8}"
EndProject
Project("{2150E333-8FDC-42A3-9474-1A3956D46DE8}") = "Facilities", "Facilities", "{77DB262F-0428-428A-9BEB-FAAC69CE02EC}"
EndProject
Project("{00D1A9C2-B5F0-4AF3-8072-F6C62B433612}") = "ResultatPartner.IPS.Database", "ResultatPartner.IPS.Database\ResultatPartner.IPS.Database.sqlproj", "{D10D078F-10DE-4355-94C7-9743E50CC736}"
EndProject
Project("{00D1A9C2-B5F0-4AF3-8072-F6C62B433612}") = "ResultatPartner.IPS.Database.Identity", "ResultatPartner.IPS.Database.Identity\ResultatPartner.IPS.Database.Identity.sqlproj", "{24C28CDE-D3ED-4547-A9E2-4385A47AE5AE}"
EndProject
Project("{FAE04EC0-301F-11D3-BF4B-00C04F79EFBC}") = "IPS.BusinessModels", "IPS.BusinessModels\IPS.BusinessModels.csproj", "{797F1010-F9F3-4D4F-A5CF-3BDFC62C0461}"
EndProject
Project("{2150E333-8FDC-42A3-9474-1A3956D46DE8}") = "IPS.Fx", "IPS.Fx", "{E725E4BF-6F7F-402D-AA6B-C06589AB497E}"
EndProject
Project("{FAE04EC0-301F-11D3-BF4B-00C04F79EFBC}") = "IPS.Fx.Security", "IPS.Fx\IPS.Fx.Security\IPS.Fx.Security.csproj", "{AC492E46-21E8-4E01-8C08-FBB5B3B6B2B8}"
EndProject
Project("{FAE04EC0-301F-11D3-BF4B-00C04F79EFBC}") = "IPS.Fx.Utilities", "IPS.Fx\IPS.Fx.Utilities\IPS.Fx.Utilities.csproj", "{5342B0F5-68DE-4618-B215-18E25CE60A04}"
EndProject
Project("{FAE04EC0-301F-11D3-BF4B-00C04F79EFBC}") = "IPS.ReportAssembly", "IPS.ReportAssembly\IPS.ReportAssembly.csproj", "{89F40619-D15B-44CB-95D0-00FD6B305EC9}"
EndProject
Global
	GlobalSection(SolutionConfigurationPlatforms) = preSolution
		Debug|Any CPU = Debug|Any CPU
		Demo|Any CPU = Demo|Any CPU
		Live|Any CPU = Live|Any CPU
		Release|Any CPU = Release|Any CPU
		Test|Any CPU = Test|Any CPU
	EndGlobalSection
	GlobalSection(ProjectConfigurationPlatforms) = postSolution
		{98DA4C1B-0343-4211-8C98-0484427C281D}.Debug|Any CPU.ActiveCfg = Debug|Any CPU
		{98DA4C1B-0343-4211-8C98-0484427C281D}.Debug|Any CPU.Build.0 = Debug|Any CPU
		{98DA4C1B-0343-4211-8C98-0484427C281D}.Demo|Any CPU.ActiveCfg = Demo|Any CPU
		{98DA4C1B-0343-4211-8C98-0484427C281D}.Demo|Any CPU.Build.0 = Demo|Any CPU
		{98DA4C1B-0343-4211-8C98-0484427C281D}.Live|Any CPU.ActiveCfg = Live|Any CPU
		{98DA4C1B-0343-4211-8C98-0484427C281D}.Live|Any CPU.Build.0 = Live|Any CPU
		{98DA4C1B-0343-4211-8C98-0484427C281D}.Release|Any CPU.ActiveCfg = Release|Any CPU
		{98DA4C1B-0343-4211-8C98-0484427C281D}.Release|Any CPU.Build.0 = Release|Any CPU
		{98DA4C1B-0343-4211-8C98-0484427C281D}.Test|Any CPU.ActiveCfg = Test|Any CPU
		{98DA4C1B-0343-4211-8C98-0484427C281D}.Test|Any CPU.Build.0 = Test|Any CPU
		{1B91D431-FD27-4C77-91F9-AC414F8BEDD1}.Debug|Any CPU.ActiveCfg = Debug|Any CPU
		{1B91D431-FD27-4C77-91F9-AC414F8BEDD1}.Debug|Any CPU.Build.0 = Debug|Any CPU
		{1B91D431-FD27-4C77-91F9-AC414F8BEDD1}.Demo|Any CPU.ActiveCfg = Demo|Any CPU
		{1B91D431-FD27-4C77-91F9-AC414F8BEDD1}.Demo|Any CPU.Build.0 = Demo|Any CPU
		{1B91D431-FD27-4C77-91F9-AC414F8BEDD1}.Live|Any CPU.ActiveCfg = Live|Any CPU
		{1B91D431-FD27-4C77-91F9-AC414F8BEDD1}.Live|Any CPU.Build.0 = Live|Any CPU
		{1B91D431-FD27-4C77-91F9-AC414F8BEDD1}.Release|Any CPU.ActiveCfg = Release|Any CPU
		{1B91D431-FD27-4C77-91F9-AC414F8BEDD1}.Release|Any CPU.Build.0 = Release|Any CPU
		{1B91D431-FD27-4C77-91F9-AC414F8BEDD1}.Test|Any CPU.ActiveCfg = Test|Any CPU
		{1B91D431-FD27-4C77-91F9-AC414F8BEDD1}.Test|Any CPU.Build.0 = Test|Any CPU
		{F2562A6D-827E-42C8-96AB-1D4A56CEA3CC}.Debug|Any CPU.ActiveCfg = Debug|Any CPU
		{F2562A6D-827E-42C8-96AB-1D4A56CEA3CC}.Debug|Any CPU.Build.0 = Debug|Any CPU
		{F2562A6D-827E-42C8-96AB-1D4A56CEA3CC}.Demo|Any CPU.ActiveCfg = Demo|Any CPU
		{F2562A6D-827E-42C8-96AB-1D4A56CEA3CC}.Demo|Any CPU.Build.0 = Demo|Any CPU
		{F2562A6D-827E-42C8-96AB-1D4A56CEA3CC}.Live|Any CPU.ActiveCfg = Live|Any CPU
		{F2562A6D-827E-42C8-96AB-1D4A56CEA3CC}.Live|Any CPU.Build.0 = Live|Any CPU
		{F2562A6D-827E-42C8-96AB-1D4A56CEA3CC}.Release|Any CPU.ActiveCfg = Release|Any CPU
		{F2562A6D-827E-42C8-96AB-1D4A56CEA3CC}.Release|Any CPU.Build.0 = Release|Any CPU
		{F2562A6D-827E-42C8-96AB-1D4A56CEA3CC}.Test|Any CPU.ActiveCfg = Test|Any CPU
		{F2562A6D-827E-42C8-96AB-1D4A56CEA3CC}.Test|Any CPU.Build.0 = Test|Any CPU
		{D190F9D6-0302-40FD-A256-F8FEB22F46C5}.Debug|Any CPU.ActiveCfg = Debug|Any CPU
		{D190F9D6-0302-40FD-A256-F8FEB22F46C5}.Debug|Any CPU.Build.0 = Debug|Any CPU
		{D190F9D6-0302-40FD-A256-F8FEB22F46C5}.Demo|Any CPU.ActiveCfg = Demo|Any CPU
		{D190F9D6-0302-40FD-A256-F8FEB22F46C5}.Demo|Any CPU.Build.0 = Demo|Any CPU
		{D190F9D6-0302-40FD-A256-F8FEB22F46C5}.Live|Any CPU.ActiveCfg = Live|Any CPU
		{D190F9D6-0302-40FD-A256-F8FEB22F46C5}.Live|Any CPU.Build.0 = Live|Any CPU
		{D190F9D6-0302-40FD-A256-F8FEB22F46C5}.Release|Any CPU.ActiveCfg = Release|Any CPU
		{D190F9D6-0302-40FD-A256-F8FEB22F46C5}.Release|Any CPU.Build.0 = Release|Any CPU
		{D190F9D6-0302-40FD-A256-F8FEB22F46C5}.Test|Any CPU.ActiveCfg = Test|Any CPU
		{D190F9D6-0302-40FD-A256-F8FEB22F46C5}.Test|Any CPU.Build.0 = Test|Any CPU
		{E7D0EEBC-4A0C-4AC1-86A6-3A0815A525F0}.Debug|Any CPU.ActiveCfg = Debug|Any CPU
		{E7D0EEBC-4A0C-4AC1-86A6-3A0815A525F0}.Debug|Any CPU.Build.0 = Debug|Any CPU
		{E7D0EEBC-4A0C-4AC1-86A6-3A0815A525F0}.Demo|Any CPU.ActiveCfg = Demo|Any CPU
		{E7D0EEBC-4A0C-4AC1-86A6-3A0815A525F0}.Demo|Any CPU.Build.0 = Demo|Any CPU
		{E7D0EEBC-4A0C-4AC1-86A6-3A0815A525F0}.Live|Any CPU.ActiveCfg = Live|Any CPU
		{E7D0EEBC-4A0C-4AC1-86A6-3A0815A525F0}.Live|Any CPU.Build.0 = Live|Any CPU
		{E7D0EEBC-4A0C-4AC1-86A6-3A0815A525F0}.Release|Any CPU.ActiveCfg = Release|Any CPU
		{E7D0EEBC-4A0C-4AC1-86A6-3A0815A525F0}.Release|Any CPU.Build.0 = Release|Any CPU
		{E7D0EEBC-4A0C-4AC1-86A6-3A0815A525F0}.Test|Any CPU.ActiveCfg = Test|Any CPU
		{E7D0EEBC-4A0C-4AC1-86A6-3A0815A525F0}.Test|Any CPU.Build.0 = Test|Any CPU
		{AE2952F9-B772-47B5-A3D6-180146D0ECFE}.Debug|Any CPU.ActiveCfg = Debug|Any CPU
		{AE2952F9-B772-47B5-A3D6-180146D0ECFE}.Debug|Any CPU.Build.0 = Debug|Any CPU
		{AE2952F9-B772-47B5-A3D6-180146D0ECFE}.Demo|Any CPU.ActiveCfg = Demo|Any CPU
		{AE2952F9-B772-47B5-A3D6-180146D0ECFE}.Demo|Any CPU.Build.0 = Demo|Any CPU
		{AE2952F9-B772-47B5-A3D6-180146D0ECFE}.Live|Any CPU.ActiveCfg = Live|Any CPU
		{AE2952F9-B772-47B5-A3D6-180146D0ECFE}.Live|Any CPU.Build.0 = Live|Any CPU
		{AE2952F9-B772-47B5-A3D6-180146D0ECFE}.Release|Any CPU.ActiveCfg = Release|Any CPU
		{AE2952F9-B772-47B5-A3D6-180146D0ECFE}.Release|Any CPU.Build.0 = Release|Any CPU
		{AE2952F9-B772-47B5-A3D6-180146D0ECFE}.Test|Any CPU.ActiveCfg = Test|Any CPU
		{AE2952F9-B772-47B5-A3D6-180146D0ECFE}.Test|Any CPU.Build.0 = Test|Any CPU
		{96C8CB4B-E7F3-46D2-BB8E-9E334C8C7DA8}.Debug|Any CPU.ActiveCfg = Debug|Any CPU
		{96C8CB4B-E7F3-46D2-BB8E-9E334C8C7DA8}.Debug|Any CPU.Build.0 = Debug|Any CPU
		{96C8CB4B-E7F3-46D2-BB8E-9E334C8C7DA8}.Demo|Any CPU.ActiveCfg = Demo|Any CPU
		{96C8CB4B-E7F3-46D2-BB8E-9E334C8C7DA8}.Live|Any CPU.ActiveCfg = Live|Any CPU
		{96C8CB4B-E7F3-46D2-BB8E-9E334C8C7DA8}.Release|Any CPU.ActiveCfg = Release|Any CPU
		{96C8CB4B-E7F3-46D2-BB8E-9E334C8C7DA8}.Release|Any CPU.Build.0 = Release|Any CPU
		{96C8CB4B-E7F3-46D2-BB8E-9E334C8C7DA8}.Test|Any CPU.ActiveCfg = Test|Any CPU
		{D10D078F-10DE-4355-94C7-9743E50CC736}.Debug|Any CPU.ActiveCfg = Debug|Any CPU
		{D10D078F-10DE-4355-94C7-9743E50CC736}.Debug|Any CPU.Build.0 = Debug|Any CPU
		{D10D078F-10DE-4355-94C7-9743E50CC736}.Debug|Any CPU.Deploy.0 = Debug|Any CPU
		{D10D078F-10DE-4355-94C7-9743E50CC736}.Demo|Any CPU.ActiveCfg = Demo|Any CPU
		{D10D078F-10DE-4355-94C7-9743E50CC736}.Live|Any CPU.ActiveCfg = Live|Any CPU
		{D10D078F-10DE-4355-94C7-9743E50CC736}.Release|Any CPU.ActiveCfg = Release|Any CPU
		{D10D078F-10DE-4355-94C7-9743E50CC736}.Release|Any CPU.Build.0 = Release|Any CPU
		{D10D078F-10DE-4355-94C7-9743E50CC736}.Release|Any CPU.Deploy.0 = Release|Any CPU
		{D10D078F-10DE-4355-94C7-9743E50CC736}.Test|Any CPU.ActiveCfg = Test|Any CPU
		{24C28CDE-D3ED-4547-A9E2-4385A47AE5AE}.Debug|Any CPU.ActiveCfg = Debug|Any CPU
		{24C28CDE-D3ED-4547-A9E2-4385A47AE5AE}.Debug|Any CPU.Build.0 = Debug|Any CPU
		{24C28CDE-D3ED-4547-A9E2-4385A47AE5AE}.Debug|Any CPU.Deploy.0 = Debug|Any CPU
		{24C28CDE-D3ED-4547-A9E2-4385A47AE5AE}.Demo|Any CPU.ActiveCfg = Demo|Any CPU
		{24C28CDE-D3ED-4547-A9E2-4385A47AE5AE}.Live|Any CPU.ActiveCfg = Live|Any CPU
		{24C28CDE-D3ED-4547-A9E2-4385A47AE5AE}.Release|Any CPU.ActiveCfg = Release|Any CPU
		{24C28CDE-D3ED-4547-A9E2-4385A47AE5AE}.Release|Any CPU.Build.0 = Release|Any CPU
		{24C28CDE-D3ED-4547-A9E2-4385A47AE5AE}.Release|Any CPU.Deploy.0 = Release|Any CPU
		{24C28CDE-D3ED-4547-A9E2-4385A47AE5AE}.Test|Any CPU.ActiveCfg = Test|Any CPU
		{797F1010-F9F3-4D4F-A5CF-3BDFC62C0461}.Debug|Any CPU.ActiveCfg = Debug|Any CPU
		{797F1010-F9F3-4D4F-A5CF-3BDFC62C0461}.Debug|Any CPU.Build.0 = Debug|Any CPU
		{797F1010-F9F3-4D4F-A5CF-3BDFC62C0461}.Demo|Any CPU.ActiveCfg = Demo|Any CPU
		{797F1010-F9F3-4D4F-A5CF-3BDFC62C0461}.Demo|Any CPU.Build.0 = Demo|Any CPU
		{797F1010-F9F3-4D4F-A5CF-3BDFC62C0461}.Live|Any CPU.ActiveCfg = Live|Any CPU
		{797F1010-F9F3-4D4F-A5CF-3BDFC62C0461}.Live|Any CPU.Build.0 = Live|Any CPU
		{797F1010-F9F3-4D4F-A5CF-3BDFC62C0461}.Release|Any CPU.ActiveCfg = Release|Any CPU
		{797F1010-F9F3-4D4F-A5CF-3BDFC62C0461}.Release|Any CPU.Build.0 = Release|Any CPU
		{797F1010-F9F3-4D4F-A5CF-3BDFC62C0461}.Test|Any CPU.ActiveCfg = Test|Any CPU
		{797F1010-F9F3-4D4F-A5CF-3BDFC62C0461}.Test|Any CPU.Build.0 = Test|Any CPU
		{AC492E46-21E8-4E01-8C08-FBB5B3B6B2B8}.Debug|Any CPU.ActiveCfg = Debug|Any CPU
		{AC492E46-21E8-4E01-8C08-FBB5B3B6B2B8}.Debug|Any CPU.Build.0 = Debug|Any CPU
		{AC492E46-21E8-4E01-8C08-FBB5B3B6B2B8}.Demo|Any CPU.ActiveCfg = Demo|Any CPU
		{AC492E46-21E8-4E01-8C08-FBB5B3B6B2B8}.Demo|Any CPU.Build.0 = Demo|Any CPU
		{AC492E46-21E8-4E01-8C08-FBB5B3B6B2B8}.Live|Any CPU.ActiveCfg = Live|Any CPU
		{AC492E46-21E8-4E01-8C08-FBB5B3B6B2B8}.Live|Any CPU.Build.0 = Live|Any CPU
		{AC492E46-21E8-4E01-8C08-FBB5B3B6B2B8}.Release|Any CPU.ActiveCfg = Release|Any CPU
		{AC492E46-21E8-4E01-8C08-FBB5B3B6B2B8}.Release|Any CPU.Build.0 = Release|Any CPU
		{AC492E46-21E8-4E01-8C08-FBB5B3B6B2B8}.Test|Any CPU.ActiveCfg = Test|Any CPU
		{AC492E46-21E8-4E01-8C08-FBB5B3B6B2B8}.Test|Any CPU.Build.0 = Test|Any CPU
		{5342B0F5-68DE-4618-B215-18E25CE60A04}.Debug|Any CPU.ActiveCfg = Debug|Any CPU
		{5342B0F5-68DE-4618-B215-18E25CE60A04}.Debug|Any CPU.Build.0 = Debug|Any CPU
		{5342B0F5-68DE-4618-B215-18E25CE60A04}.Demo|Any CPU.ActiveCfg = Demo|Any CPU
		{5342B0F5-68DE-4618-B215-18E25CE60A04}.Demo|Any CPU.Build.0 = Demo|Any CPU
		{5342B0F5-68DE-4618-B215-18E25CE60A04}.Live|Any CPU.ActiveCfg = Live|Any CPU
		{5342B0F5-68DE-4618-B215-18E25CE60A04}.Live|Any CPU.Build.0 = Live|Any CPU
		{5342B0F5-68DE-4618-B215-18E25CE60A04}.Release|Any CPU.ActiveCfg = Release|Any CPU
		{5342B0F5-68DE-4618-B215-18E25CE60A04}.Release|Any CPU.Build.0 = Release|Any CPU
		{5342B0F5-68DE-4618-B215-18E25CE60A04}.Test|Any CPU.ActiveCfg = Test|Any CPU
		{5342B0F5-68DE-4618-B215-18E25CE60A04}.Test|Any CPU.Build.0 = Test|Any CPU
		{89F40619-D15B-44CB-95D0-00FD6B305EC9}.Debug|Any CPU.ActiveCfg = Debug|Any CPU
		{89F40619-D15B-44CB-95D0-00FD6B305EC9}.Debug|Any CPU.Build.0 = Debug|Any CPU
		{89F40619-D15B-44CB-95D0-00FD6B305EC9}.Demo|Any CPU.ActiveCfg = Demo|Any CPU
		{89F40619-D15B-44CB-95D0-00FD6B305EC9}.Demo|Any CPU.Build.0 = Demo|Any CPU
		{89F40619-D15B-44CB-95D0-00FD6B305EC9}.Live|Any CPU.ActiveCfg = Live|Any CPU
		{89F40619-D15B-44CB-95D0-00FD6B305EC9}.Live|Any CPU.Build.0 = Live|Any CPU
		{89F40619-D15B-44CB-95D0-00FD6B305EC9}.Release|Any CPU.ActiveCfg = Release|Any CPU
		{89F40619-D15B-44CB-95D0-00FD6B305EC9}.Release|Any CPU.Build.0 = Release|Any CPU
		{89F40619-D15B-44CB-95D0-00FD6B305EC9}.Test|Any CPU.ActiveCfg = Test|Any CPU
		{89F40619-D15B-44CB-95D0-00FD6B305EC9}.Test|Any CPU.Build.0 = Test|Any CPU
	EndGlobalSection
	GlobalSection(SolutionProperties) = preSolution
		HideSolutionNode = FALSE
	EndGlobalSection
	GlobalSection(NestedProjects) = preSolution
		{98DA4C1B-0343-4211-8C98-0484427C281D} = {B2F8E768-93B9-4452-BA00-64CCE44853CC}
		{D190F9D6-0302-40FD-A256-F8FEB22F46C5} = {B2F8E768-93B9-4452-BA00-64CCE44853CC}
		{77DB262F-0428-428A-9BEB-FAAC69CE02EC} = {B2F8E768-93B9-4452-BA00-64CCE44853CC}
		{D10D078F-10DE-4355-94C7-9743E50CC736} = {77DB262F-0428-428A-9BEB-FAAC69CE02EC}
		{24C28CDE-D3ED-4547-A9E2-4385A47AE5AE} = {77DB262F-0428-428A-9BEB-FAAC69CE02EC}
		{AC492E46-21E8-4E01-8C08-FBB5B3B6B2B8} = {E725E4BF-6F7F-402D-AA6B-C06589AB497E}
		{5342B0F5-68DE-4618-B215-18E25CE60A04} = {E725E4BF-6F7F-402D-AA6B-C06589AB497E}
	EndGlobalSection
	GlobalSection(ExtensibilityGlobals) = postSolution
		SolutionGuid = {4B1413CE-88E5-4C4F-9278-4D0509EE147A}
	EndGlobalSection
EndGlobal
